<?xml version="1.0" encoding="UTF-8" standalone="yes" ?>
<CodeBlocks_project_file>
	<FileVersion major="1" minor="6" />
	<Project>
		<Option title="Bmp2Lua" />
		<Option pch_mode="2" />
		<Option compiler="gcc" />
		<Build>
			<Target title="x64">
				<Option output="bin/x64/Bmp2Lua" prefix_auto="1" extension_auto="1" />
				<Option object_output="obj/Debug/" />
				<Option type="1" />
				<Option compiler="gnu_gcc_compiler_x64" />
				<Compiler>
					<Add option="-O3" />
					<Add directory="D:/jpeg-9a" />
					<Add directory="D:/lpng1612" />
				</Compiler>
				<Linker>
					<Add option="-s" />
					<Add library="D:\Lib\libpng\x64\libpng.a" />
					<Add library="D:\Lib\libjpeg\x64\libjpeg.a" />
					<Add library="D:\Lib\zlib\x64\libz.a" />
					<Add library="D:\Lib\boost\x64\lib\libboost_filesystem-mgw48-mt-s-1_55.a" />
					<Add library="D:\Lib\boost\x64\lib\libboost_system-mgw48-mt-s-1_55.a" />
					<Add library="D:\Lib\boost\x64\lib\libboost_program_options-mgw48-mt-s-1_55.a" />
				</Linker>
			</Target>
			<Target title="x86">
				<Option output="bin/x86/Bmp2Lua" prefix_auto="1" extension_auto="1" />
				<Option object_output="obj/Release/" />
				<Option type="1" />
				<Option compiler="gcc" />
				<Option projectLinkerOptionsRelation="2" />
				<Compiler>
					<Add directory="D:/lpng1612" />
					<Add directory="D:/jpeg-9a" />
				</Compiler>
				<Linker>
					<Add option="-s" />
					<Add library="D:\Lib\boost\x86\lib\libboost_filesystem-mgw47-mt-s-1_55.a" />
					<Add library="D:\Lib\boost\x86\lib\libboost_program_options-mgw47-mt-s-1_55.a" />
					<Add library="D:\Lib\boost\x86\lib\libboost_system-mgw47-mt-s-1_55.a" />
					<Add library="D:\Lib\libjpeg\x86\libjpeg.a" />
					<Add library="D:\Lib\libpng\x86\libpng.a" />
					<Add library="D:\Lib\zlib\x86\libz.a" />
				</Linker>
			</Target>
		</Build>
		<Compiler>
			<Add option="-Wall" />
		</Compiler>
		<Unit filename="draw.cpp" />
		<Unit filename="draw.hpp" />
		<Unit filename="io.cpp" />
		<Unit filename="io.hpp" />
		<Unit filename="main.cpp" />
		<Extensions>
			<code_completion />
			<envvars />
			<debugger />
			<lib_finder disable_auto="1" />
		</Extensions>
	</Project>
</CodeBlocks_project_file>
